{
  "credentials": {
    "environment": [
      "HF_TOKEN",
      "HSSL_SYMAI_API_KEY",
      "HUGGINGFACEHUB_API_TOKEN",
      "IPFS_ACCELERATE_PY_API_KEY",
      "IPFS_DATASETS_PY_API_KEY",
      "IPFS_DATASETS_PY_HF_API_TOKEN"
    ],
    "receipt": "presence-and-contextual-sha256-only"
  },
  "evidence": "HSSLEV1118B52",
  "identity": {
    "model": "Leanstral-119B",
    "provider": "ipfs_accelerate_py",
    "symai_config_model": "ipfs:Leanstral-119B"
  },
  "package": {
    "distribution": "symbolicai",
    "import": "symai",
    "metadata_sha256": "a653a00036c3ef085552eab14300ba6138c8d2d2e4759c62fcea9ad0161046dd",
    "requirement": "symbolicai==1.14.0",
    "version": "1.14.0"
  },
  "router": {
    "engine": "ipfs_datasets_py.utils.symai_ipfs_engine.IPFSSyMAINeurosymbolicEngine",
    "module": "ipfs_datasets_py.llm_router",
    "source": "ipfs_datasets_py/llm_router.py"
  },
  "safety": {
    "allow_local_fallback": false,
    "allow_model_fallback": false,
    "allow_provider_fallback": false,
    "noninteractive": true,
    "recursive_routing": false,
    "reuse_existing_model_service": true,
    "starts_model_manager": false,
    "starts_model_server": false
  },
  "schema": "ipfs-datasets.logic-pipeline-benchmark.symai-router-lock.v1",
  "smoke": {
    "max_calls": 1,
    "max_input_bytes": 512,
    "max_output_bytes": 4096,
    "max_retries": 0,
    "response_format": "json_schema",
    "timeout_seconds": 30
  },
  "task_id": "HSSL-BENCH-032"
}
