# DQK-082 final hash-locked DuckDB / Quack / DuckLake candidate environment.
#
# Policy scope: CPython 3.12 binary wheels on Linux aarch64 or x86_64.
# This lock is the candidate-environment pin consumed by
# scripts/ops/create_duckdb_quack_env.py.  It is deliberately distinct from
# the bootstrap-only supervisor runtime (requirements/duckdb-quack-bootstrap.lock)
# and the validation-only wheel cache (requirements/duckdb-quack-validator.lock).
#
# Completing DQK-082 provisions a content-bound candidate receipt only; it
# does not change the running master, lane, daemon, or writer generation.
# DQK-103 is the sole lifecycle owner that may activate a candidate.
#
# Python package pins (pip require-hashes grammar):
duckdb==1.5.5 \
    --hash=sha256:f316eae2323d9a851883fdf2dee91c1f9efe251ab33e14a2272f82a913422ed6 \
    --hash=sha256:7a6d2d11859d82a936ebdcb30ce3d8a1cbb3e990bff05c12abb9b54c44fa7bd1

# Extension / Docker profile pins (parsed by create_duckdb_quack_env.py).
# Format:
#   profile.extension.<name>.<platform>.gz_sha256=<hex>
#   profile.extension.<name>.<platform>.bin_sha256=<hex>
#   profile.extension.<name>.url_template=<url with {platform} and {name}>
#   profile.docker.<role>=<image@sha256:...>
#   profile.setting.<key>=<value>
#   profile.disk.<kind>_bytes=<int>
profile.duckdb_version=1.5.5
profile.quack_build=quack@1.5.5+core
profile.ducklake_build=ducklake@1.5.5+core
profile.httpfs_build=httpfs@1.5.5+core
profile.extension_repository=https://extensions.duckdb.org/v1.5.5
profile.extension.quack.linux_arm64.gz_sha256=3b8857a7643a527a2ab6045e49bedf11f24114bc52e86287e400f75a4e20fbdc
profile.extension.quack.linux_arm64.bin_sha256=41b2b9292bfb860c5ca8c5f818f9dd7a2c6bc24f9c750cffbc3169286fe59f08
profile.extension.quack.linux_amd64.gz_sha256=7b2c417e3797c2d85673655dea420ead9bbbb24e686ee8dbe37bef9fa8768207
profile.extension.quack.linux_amd64.bin_sha256=aa0155c452a882eb8912d59589626a5156ab92a8e80952371b78e26e1cf07168
profile.extension.ducklake.linux_arm64.gz_sha256=1813f74b24060d6ae97187b87d221c7ecbae67e5321929bc543bc5fdb1dc95b4
profile.extension.ducklake.linux_arm64.bin_sha256=d0b57c8e261b89a1ae367c7224f0857cfde72ab6cf2609f188e0de9b897b1088
profile.extension.ducklake.linux_amd64.gz_sha256=733ccf19fedcfd5e0bfaf85993219145181099cc411076cabf14933ea16ab452
profile.extension.ducklake.linux_amd64.bin_sha256=e51bf9e8d933d0e83780ae096455501b542cf962569a2ce5613532d702c08302
profile.extension.httpfs.linux_arm64.gz_sha256=0820e0b5b74efaa23608c239df8e744a68943318d530b483a529eace19cb5475
profile.extension.httpfs.linux_arm64.bin_sha256=eba6e263e395a83966090f1f11ade63630b1b21422f0f2813858d179d42ea1e9
profile.extension.httpfs.linux_amd64.gz_sha256=7cdd52a3135388718884a9b71e3987ba723002121e8e9de399c4ed619d824a05
profile.extension.httpfs.linux_amd64.bin_sha256=887c392b1e49128d11667c81e3698d8b00dfdeb456771acf66d05a0f74f7b7d8
profile.docker.probe=alpine@sha256:d9e853e87e55526f6b2917df91a2115c36dd7c696a35be12163d44e6e2a4b6bc
profile.setting.autoinstall_known_extensions=false
profile.setting.autoload_known_extensions=false
profile.setting.allow_unsigned_extensions=false
profile.setting.ducklake_auto_migration=false
profile.disk.workspace_bytes=2147483648
profile.disk.image_bytes=2147483648
profile.disk.volume_bytes=1073741824
